// !$*UTF8*$!
{
	archiveVersion = 1;
	classes = {
	};
	objectVersion = 50;
	objects = {

/* Begin PBXBuildFile section */
		A24242FA266F14DA003B0B32 /* AppDelegate.swift in Sources */ = {isa = PBXBuildFile; fileRef = A24242F9266F14DA003B0B32 /* AppDelegate.swift */; };
		A24242FC266F14DA003B0B32 /* SceneDelegate.swift in Sources */ = {isa = PBXBuildFile; fileRef = A24242FB266F14DA003B0B32 /* SceneDelegate.swift */; };
		A2424301266F14DA003B0B32 /* Main.storyboard in Resources */ = {isa = PBXBuildFile; fileRef = A24242FF266F14DA003B0B32 /* Main.storyboard */; };
		A2424303266F14DF003B0B32 /* Assets.xcassets in Resources */ = {isa = PBXBuildFile; fileRef = A2424302266F14DF003B0B32 /* Assets.xcassets */; };
		A2424306266F14DF003B0B32 /* LaunchScreen.storyboard in Resources */ = {isa = PBXBuildFile; fileRef = A2424304266F14DF003B0B32 /* LaunchScreen.storyboard */; };
		A2424313266F160D003B0B32 /* ContactsTableViewController.swift in Sources */ = {isa = PBXBuildFile; fileRef = A2424312266F160D003B0B32 /* ContactsTableViewController.swift */; };
		A2424315266F1673003B0B32 /* ExtendedContactsTableViewController.swift in Sources */ = {isa = PBXBuildFile; fileRef = A2424314266F1673003B0B32 /* ExtendedContactsTableViewController.swift */; };
		A2424317266F1688003B0B32 /* DetailsViewController.swift in Sources */ = {isa = PBXBuildFile; fileRef = A2424316266F1688003B0B32 /* DetailsViewController.swift */; };
		A2424319266F181A003B0B32 /* Person.swift in Sources */ = {isa = PBXBuildFile; fileRef = A2424318266F181A003B0B32 /* Person.swift */; };
		A242431C266F189A003B0B32 /* DataManager.swift in Sources */ = {isa = PBXBuildFile; fileRef = A242431B266F189A003B0B32 /* DataManager.swift */; };
		A242431F266F6218003B0B32 /* PersonTableViewCell.swift in Sources */ = {isa = PBXBuildFile; fileRef = A242431E266F6218003B0B32 /* PersonTableViewCell.swift */; };
/* End PBXBuildFile section */

/* Begin PBXFileReference section */
		A24242F6266F14DA003B0B32 /* ContactsList.app */ = {isa = PBXFileReference; explicitFileType = wrapper.application; includeInIndex = 0; path = ContactsList.app; sourceTree = BUILT_PRODUCTS_DIR; };
		A24242F9266F14DA003B0B32 /* AppDelegate.swift */ = {isa = PBXFileReference; lastKnownFileType = sourcecode.swift; path = AppDelegate.swift; sourceTree = "<group>"; };
		A24242FB266F14DA003B0B32 /* SceneDelegate.swift */ = {isa = PBXFileReference; lastKnownFileType = sourcecode.swift; path = SceneDelegate.swift; sourceTree = "<group>"; };
		A2424300266F14DA003B0B32 /* Base */ = {isa = PBXFileReference; lastKnownFileType = file.storyboard; name = Base; path = Base.lproj/Main.storyboard; sourceTree = "<group>"; };
		A2424302266F14DF003B0B32 /* Assets.xcassets */ = {isa = PBXFileReference; lastKnownFileType = folder.assetcatalog; path = Assets.xcassets; sourceTree = "<group>"; };
		A2424305266F14DF003B0B32 /* Base */ = {isa = PBXFileReference; lastKnownFileType = file.storyboard; name = Base; path = Base.lproj/LaunchScreen.storyboard; sourceTree = "<group>"; };
		A2424307266F14DF003B0B32 /* Info.plist */ = {isa = PBXFileReference; lastKnownFileType = text.plist.xml; path = Info.plist; sourceTree = "<group>"; };
		A2424312266F160D003B0B32 /* ContactsTableViewController.swift */ = {isa = PBXFileReference; lastKnownFileType = sourcecode.swift; path = ContactsTableViewController.swift; sourceTree = "<group>"; };
		A2424314266F1673003B0B32 /* ExtendedContactsTableViewController.swift */ = {isa = PBXFileReference; lastKnownFileType = sourcecode.swift; path = ExtendedContactsTableViewController.swift; sourceTree = "<group>"; };
		A2424316266F1688003B0B32 /* DetailsViewController.swift */ = {isa = PBXFileReference; lastKnownFileType = sourcecode.swift; path = DetailsViewController.swift; sourceTree = "<group>"; };
		A2424318266F181A003B0B32 /* Person.swift */ = {isa = PBXFileReference; lastKnownFileType = sourcecode.swift; path = Person.swift; sourceTree = "<group>"; };
		A242431B266F189A003B0B32 /* DataManager.swift */ = {isa = PBXFileReference; lastKnownFileType = sourcecode.swift; path = DataManager.swift; sourceTree = "<group>"; };
		A242431E266F6218003B0B32 /* PersonTableViewCell.swift */ = {isa = PBXFileReference; lastKnownFileType = sourcecode.swift; path = PersonTableViewCell.swift; sourceTree = "<group>"; };
/* End PBXFileReference section */

/* Begin PBXFrameworksBuildPhase section */
		A24242F3266F14DA003B0B32 /* Frameworks */ = {
			isa = PBXFrameworksBuildPhase;
			buildActionMask = 2147483647;
			files = (
			);
			runOnlyForDeploymentPostprocessing = 0;
		};
/* End PBXFrameworksBuildPhase section */

/* Begin PBXGroup section */
		A24242ED266F14DA003B0B32 = {
			isa = PBXGroup;
			children = (
				A24242F8266F14DA003B0B32 /* ContactsList */,
				A242431D266F61F6003B0B32 /* Views */,
				A24242F7266F14DA003B0B32 /* Products */,
			);
			sourceTree = "<group>";
		};
		A24242F7266F14DA003B0B32 /* Products */ = {
			isa = PBXGroup;
			children = (
				A24242F6266F14DA003B0B32 /* ContactsList.app */,
			);
			name = Products;
			sourceTree = "<group>";
		};
		A24242F8266F14DA003B0B32 /* ContactsList */ = {
			isa = PBXGroup;
			children = (
				A242430E266F15AD003B0B32 /* Application */,
				A242430D266F159F003B0B32 /* Storyboards */,
				A242430F266F15BA003B0B32 /* Resources */,
				A2424311266F15E5003B0B32 /* Models */,
				A242431A266F188D003B0B32 /* Services */,
				A2424310266F15DE003B0B32 /* ViewControllers */,
			);
			path = ContactsList;
			sourceTree = "<group>";
		};
		A242430D266F159F003B0B32 /* Storyboards */ = {
			isa = PBXGroup;
			children = (
				A24242FF266F14DA003B0B32 /* Main.storyboard */,
				A2424304266F14DF003B0B32 /* LaunchScreen.storyboard */,
			);
			path = Storyboards;
			sourceTree = "<group>";
		};
		A242430E266F15AD003B0B32 /* Application */ = {
			isa = PBXGroup;
			children = (
				A24242F9266F14DA003B0B32 /* AppDelegate.swift */,
				A24242FB266F14DA003B0B32 /* SceneDelegate.swift */,
			);
			path = Application;
			sourceTree = "<group>";
		};
		A242430F266F15BA003B0B32 /* Resources */ = {
			isa = PBXGroup;
			children = (
				A2424302266F14DF003B0B32 /* Assets.xcassets */,
				A2424307266F14DF003B0B32 /* Info.plist */,
			);
			path = Resources;
			sourceTree = "<group>";
		};
		A2424310266F15DE003B0B32 /* ViewControllers */ = {
			isa = PBXGroup;
			children = (
				A2424312266F160D003B0B32 /* ContactsTableViewController.swift */,
				A2424314266F1673003B0B32 /* ExtendedContactsTableViewController.swift */,
				A2424316266F1688003B0B32 /* DetailsViewController.swift */,
			);
			path = ViewControllers;
			sourceTree = "<group>";
		};
		A2424311266F15E5003B0B32 /* Models */ = {
			isa = PBXGroup;
			children = (
				A2424318266F181A003B0B32 /* Person.swift */,
			);
			path = Models;
			sourceTree = "<group>";
		};
		A242431A266F188D003B0B32 /* Services */ = {
			isa = PBXGroup;
			children = (
				A242431B266F189A003B0B32 /* DataManager.swift */,
			);
			path = Services;
			sourceTree = "<group>";
		};
		A242431D266F61F6003B0B32 /* Views */ = {
			isa = PBXGroup;
			children = (
				A242431E266F6218003B0B32 /* PersonTableViewCell.swift */,
			);
			path = Views;
			sourceTree = "<group>";
		};
/* End PBXGroup section */

/* Begin PBXNativeTarget section */
		A24242F5266F14DA003B0B32 /* ContactsList */ = {
			isa = PBXNativeTarget;
			buildConfigurationList = A242430A266F14DF003B0B32 /* Build configuration list for PBXNativeTarget "ContactsList" */;
			buildPhases = (
				A24242F2266F14DA003B0B32 /* Sources */,
				A24242F3266F14DA003B0B32 /* Frameworks */,
				A24242F4266F14DA003B0B32 /* Resources */,
			);
			buildRules = (
			);
			dependencies = (
			);
			name = ContactsList;
			productName = ContactsList;
			productReference = A24242F6266F14DA003B0B32 /* ContactsList.app */;
			productType = "com.apple.product-type.application";
		};
/* End PBXNativeTarget section */

/* Begin PBXProject section */
		A24242EE266F14DA003B0B32 /* Project object */ = {
			isa = PBXProject;
			attributes = {
				LastSwiftUpdateCheck = 1250;
				LastUpgradeCheck = 1250;
				TargetAttributes = {
					A24242F5266F14DA003B0B32 = {
						CreatedOnToolsVersion = 12.5;
					};
				};
			};
			buildConfigurationList = A24242F1266F14DA003B0B32 /* Build configuration list for PBXProject "ContactsList" */;
			compatibilityVersion = "Xcode 9.3";
			developmentRegion = en;
			hasScannedForEncodings = 0;
			knownRegions = (
				en,
				Base,
			);
			mainGroup = A24242ED266F14DA003B0B32;
			productRefGroup = A24242F7266F14DA003B0B32 /* Products */;
			projectDirPath = "";
			projectRoot = "";
			targets = (
				A24242F5266F14DA003B0B32 /* ContactsList */,
			);
		};
/* End PBXProject section */

/* Begin PBXResourcesBuildPhase section */
		A24242F4266F14DA003B0B32 /* Resources */ = {
			isa = PBXResourcesBuildPhase;
			buildActionMask = 2147483647;
			files = (
				A2424306266F14DF003B0B32 /* LaunchScreen.storyboard in Resources */,
				A2424303266F14DF003B0B32 /* Assets.xcassets in Resources */,
				A2424301266F14DA003B0B32 /* Main.storyboard in Resources */,
			);
			runOnlyForDeploymentPostprocessing = 0;
		};
/* End PBXResourcesBuildPhase section */

/* Begin PBXSourcesBuildPhase section */
		A24242F2266F14DA003B0B32 /* Sources */ = {
			isa = PBXSourcesBuildPhase;
			buildActionMask = 2147483647;
			files = (
				A2424319266F181A003B0B32 /* Person.swift in Sources */,
				A24242FA266F14DA003B0B32 /* AppDelegate.swift in Sources */,
				A24242FC266F14DA003B0B32 /* SceneDelegate.swift in Sources */,
				A242431C266F189A003B0B32 /* DataManager.swift in Sources */,
				A2424313266F160D003B0B32 /* ContactsTableViewController.swift in Sources */,
				A2424315266F1673003B0B32 /* ExtendedContactsTableViewController.swift in Sources */,
				A242431F266F6218003B0B32 /* PersonTableViewCell.swift in Sources */,
				A2424317266F1688003B0B32 /* DetailsViewController.swift in Sources */,
			);
			runOnlyForDeploymentPostprocessing = 0;
		};
/* End PBXSourcesBuildPhase section */

/* Begin PBXVariantGroup section */
		A24242FF266F14DA003B0B32 /* Main.storyboard */ = {
			isa = PBXVariantGroup;
			children = (
				A2424300266F14DA003B0B32 /* Base */,
			);
			name = Main.storyboard;
			sourceTree = "<group>";
		};
		A2424304266F14DF003B0B32 /* LaunchScreen.storyboard */ = {
			isa = PBXVariantGroup;
			children = (
				A2424305266F14DF003B0B32 /* Base */,
			);
			name = LaunchScreen.storyboard;
			sourceTree = "<group>";
		};
/* End PBXVariantGroup section */

/* Begin XCBuildConfiguration section */
		A2424308266F14DF003B0B32 /* Debug */ = {
			isa = XCBuildConfiguration;
			buildSettings = {
				ALWAYS_SEARCH_USER_PATHS = NO;
				CLANG_ANALYZER_NONNULL = YES;
				CLANG_ANALYZER_NUMBER_OBJECT_CONVERSION = YES_AGGRESSIVE;
				CLANG_CXX_LANGUAGE_STANDARD = "gnu++14";
				CLANG_CXX_LIBRARY = "libc++";
				CLANG_ENABLE_MODULES = YES;
				CLANG_ENABLE_OBJC_ARC = YES;
				CLANG_ENABLE_OBJC_WEAK = YES;
				CLANG_WARN_BLOCK_CAPTURE_AUTORELEASING = YES;
				CLANG_WARN_BOOL_CONVERSION = YES;
				CLANG_WARN_COMMA = YES;
				CLANG_WARN_CONSTANT_CONVERSION = YES;
				CLANG_WARN_DEPRECATED_OBJC_IMPLEMENTATIONS = YES;
				CLANG_WARN_DIRECT_OBJC_ISA_USAGE = YES_ERROR;
				CLANG_WARN_DOCUMENTATION_COMMENTS = YES;
				CLANG_WARN_EMPTY_BODY = YES;
				CLANG_WARN_ENUM_CONVERSION = YES;
				CLANG_WARN_INFINITE_RECURSION = YES;
				CLANG_WARN_INT_CONVERSION = YES;
				CLANG_WARN_NON_LITERAL_NULL_CONVERSION = YES;
				CLANG_WARN_OBJC_IMPLICIT_RETAIN_SELF = YES;
				CLANG_WARN_OBJC_LITERAL_CONVERSION = YES;
				CLANG_WARN_OBJC_ROOT_CLASS = YES_ERROR;
				CLANG_WARN_QUOTED_INCLUDE_IN_FRAMEWORK_HEADER = YES;
				CLANG_WARN_RANGE_LOOP_ANALYSIS = YES;
				CLANG_WARN_STRICT_PROTOTYPES = YES;
				CLANG_WARN_SUSPICIOUS_MOVE = YES;
				CLANG_WARN_UNGUARDED_AVAILABILITY = YES_AGGRESSIVE;
				CLANG_WARN_UNREACHABLE_CODE = YES;
				CLANG_WARN__DUPLICATE_METHOD_MATCH = YES;
				COPY_PHASE_STRIP = NO;
				DEBUG_INFORMATION_FORMAT = dwarf;
				ENABLE_STRICT_OBJC_MSGSEND = YES;
				ENABLE_TESTABILITY = YES;
				GCC_C_LANGUAGE_STANDARD = gnu11;
				GCC_DYNAMIC_NO_PIC = NO;
				GCC_NO_COMMON_BLOCKS = YES;
				GCC_OPTIMIZATION_LEVEL = 0;
				GCC_PREPROCESSOR_DEFINITIONS = (
					"DEBUG=1",
					"$(inherited)",
				);
				GCC_WARN_64_TO_32_BIT_CONVERSION = YES;
				GCC_WARN_ABOUT_RETURN_TYPE = YES_ERROR;
				GCC_WARN_UNDECLARED_SELECTOR = YES;
				GCC_WARN_UNINITIALIZED_AUTOS = YES_AGGRESSIVE;
				GCC_WARN_UNUSED_FUNCTION = YES;
				GCC_WARN_UNUSED_VARIABLE = YES;
				IPHONEOS_DEPLOYMENT_TARGET = 13.0;
				MTL_ENABLE_DEBUG_INFO = INCLUDE_SOURCE;
				MTL_FAST_MATH = YES;
				ONLY_ACTIVE_ARCH = YES;
				SDKROOT = iphoneos;
				SWIFT_ACTIVE_COMPILATION_CONDITIONS = DEBUG;
				SWIFT_OPTIMIZATION_LEVEL = "-Onone";
			};
			name = Debug;
		};
		A2424309266F14DF003B0B32 /* Release */ = {
			isa = XCBuildConfiguration;
			buildSettings = {
				ALWAYS_SEARCH_USER_PATHS = NO;
				CLANG_ANALYZER_NONNULL = YES;
				CLANG_ANALYZER_NUMBER_OBJECT_CONVERSION = YES_AGGRESSIVE;
				CLANG_CXX_LANGUAGE_STANDARD = "gnu++14";
				CLANG_CXX_LIBRARY = "libc++";
				CLANG_ENABLE_MODULES = YES;
				CLANG_ENABLE_OBJC_ARC = YES;
				CLANG_ENABLE_OBJC_WEAK = YES;
				CLANG_WARN_BLOCK_CAPTURE_AUTORELEASING = YES;
				CLANG_WARN_BOOL_CONVERSION = YES;
				CLANG_WARN_COMMA = YES;
				CLANG_WARN_CONSTANT_CONVERSION = YES;
				CLANG_WARN_DEPRECATED_OBJC_IMPLEMENTATIONS = YES;
				CLANG_WARN_DIRECT_OBJC_ISA_USAGE = YES_ERROR;
				CLANG_WARN_DOCUMENTATION_COMMENTS = YES;
				CLANG_WARN_EMPTY_BODY = YES;
				CLANG_WARN_ENUM_CONVERSION = YES;
				CLANG_WARN_INFINITE_RECURSION = YES;
				CLANG_WARN_INT_CONVERSION = YES;
				CLANG_WARN_NON_LITERAL_NULL_CONVERSION = YES;
				CLANG_WARN_OBJC_IMPLICIT_RETAIN_SELF = YES;
				CLANG_WARN_OBJC_LITERAL_CONVERSION = YES;
				CLANG_WARN_OBJC_ROOT_CLASS = YES_ERROR;
				CLANG_WARN_QUOTED_INCLUDE_IN_FRAMEWORK_HEADER = YES;
				CLANG_WARN_RANGE_LOOP_ANALYSIS = YES;
				CLANG_WARN_STRICT_PROTOTYPES = YES;
				CLANG_WARN_SUSPICIOUS_MOVE = YES;
				CLANG_WARN_UNGUARDED_AVAILABILITY = YES_AGGRESSIVE;
				CLANG_WARN_UNREACHABLE_CODE = YES;
				CLANG_WARN__DUPLICATE_METHOD_MATCH = YES;
				COPY_PHASE_STRIP = NO;
				DEBUG_INFORMATION_FORMAT = "dwarf-with-dsym";
				ENABLE_NS_ASSERTIONS = NO;
				ENABLE_STRICT_OBJC_MSGSEND = YES;
				GCC_C_LANGUAGE_STANDARD = gnu11;
				GCC_NO_COMMON_BLOCKS = YES;
				GCC_WARN_64_TO_32_BIT_CONVERSION = YES;
				GCC_WARN_ABOUT_RETURN_TYPE = YES_ERROR;
				GCC_WARN_UNDECLARED_SELECTOR = YES;
				GCC_WARN_UNINITIALIZED_AUTOS = YES_AGGRESSIVE;
				GCC_WARN_UNUSED_FUNCTION = YES;
				GCC_WARN_UNUSED_VARIABLE = YES;
				IPHONEOS_DEPLOYMENT_TARGET = 13.0;
				MTL_ENABLE_DEBUG_INFO = NO;
				MTL_FAST_MATH = YES;
				SDKROOT = iphoneos;
				SWIFT_COMPILATION_MODE = wholemodule;
				SWIFT_OPTIMIZATION_LEVEL = "-O";
				VALIDATE_PRODUCT = YES;
			};
			name = Release;
		};
		A242430B266F14DF003B0B32 /* Debug */ = {
			isa = XCBuildConfiguration;
			buildSettings = {
				ASSETCATALOG_COMPILER_APPICON_NAME = AppIcon;
				ASSETCATALOG_COMPILER_GLOBAL_ACCENT_COLOR_NAME = AccentColor;
				CODE_SIGN_STYLE = Automatic;
				DEVELOPMENT_TEAM = HP2GYZ69BY;
				INFOPLIST_FILE = ContactsList/Resources/Info.plist;
				LD_RUNPATH_SEARCH_PATHS = (
					"$(inherited)",
					"@executable_path/Frameworks",
				);
				PRODUCT_BUNDLE_IDENTIFIER = ru.bearcode.ContactsList;
				PRODUCT_NAME = "$(TARGET_NAME)";
				SWIFT_VERSION = 5.0;
				TARGETED_DEVICE_FAMILY = "1,2";
			};
			name = Debug;
		};
		A242430C266F14DF003B0B32 /* Release */ = {
			isa = XCBuildConfiguration;
			buildSettings = {
				ASSETCATALOG_COMPILER_APPICON_NAME = AppIcon;
				ASSETCATALOG_COMPILER_GLOBAL_ACCENT_COLOR_NAME = AccentColor;
				CODE_SIGN_STYLE = Automatic;
				DEVELOPMENT_TEAM = HP2GYZ69BY;
				INFOPLIST_FILE = ContactsList/Resources/Info.plist;
				LD_RUNPATH_SEARCH_PATHS = (
					"$(inherited)",
					"@executable_path/Frameworks",
				);
				PRODUCT_BUNDLE_IDENTIFIER = ru.bearcode.ContactsList;
				PRODUCT_NAME = "$(TARGET_NAME)";
				SWIFT_VERSION = 5.0;
				TARGETED_DEVICE_FAMILY = "1,2";
			};
			name = Release;
		};
/* End XCBuildConfiguration section */

/* Begin XCConfigurationList section */
		A24242F1266F14DA003B0B32 /* Build configuration list for PBXProject "ContactsList" */ = {
			isa = XCConfigurationList;
			buildConfigurations = (
				A2424308266F14DF003B0B32 /* Debug */,
				A2424309266F14DF003B0B32 /* Release */,
			);
			defaultConfigurationIsVisible = 0;
			defaultConfigurationName = Release;
		};
		A242430A266F14DF003B0B32 /* Build configuration list for PBXNativeTarget "ContactsList" */ = {
			isa = XCConfigurationList;
			buildConfigurations = (
				A242430B266F14DF003B0B32 /* Debug */,
				A242430C266F14DF003B0B32 /* Release */,
			);
			defaultConfigurationIsVisible = 0;
			defaultConfigurationName = Release;
		};
/* End XCConfigurationList section */
	};
	rootObject = A24242EE266F14DA003B0B32 /* Project object */;
}
